
Microsoft Visual Studio Solution File, Format Version 12.00
# Visual Studio Version 17
VisualStudioVersion = 17.3.32819.101
MinimumVisualStudioVersion = 10.0.40219.1
Project("{9A19103F-16F7-4668-BE54-9A1E7A4F7556}") = "Rebus.Correlate", "src\Rebus.Correlate\Rebus.Correlate.csproj", "{224F276C-09B7-45E3-A471-6E9932580411}"
EndProject
Project("{2150E333-8FDC-42A3-9474-1A3956D46DE8}") = "src", "src", "{507AF14C-E966-4B77-B233-DFA8E6199BEC}"
	ProjectSection(SolutionItems) = preProject
		src\Directory.Build.props = src\Directory.Build.props
		src\Directory.Build.targets = src\Directory.Build.targets
	EndProjectSection
EndProject
Project("{2150E333-8FDC-42A3-9474-1A3956D46DE8}") = "test", "test", "{828B1069-29BF-416B-A69A-EF4B235F3F77}"
	ProjectSection(SolutionItems) = preProject
		test\Directory.Build.targets = test\Directory.Build.targets
	EndProjectSection
EndProject
Project("{9A19103F-16F7-4668-BE54-9A1E7A4F7556}") = "Rebus.Correlate.Tests", "test\Rebus.Correlate.Tests\Rebus.Correlate.Tests.csproj", "{B1696018-1A0D-49C7-B9E5-69563110219D}"
EndProject
Project("{2150E333-8FDC-42A3-9474-1A3956D46DE8}") = "Solution Items", "Solution Items", "{0DFB1AB7-052F-4CEA-8009-3A7EE69828EC}"
	ProjectSection(SolutionItems) = preProject
		.editorconfig = .editorconfig
		appveyor.yml = appveyor.yml
		Changelog.md = Changelog.md
		Directory.Build.props = Directory.Build.props
		README.md = README.md
	EndProjectSection
EndProject
Global
	GlobalSection(SolutionConfigurationPlatforms) = preSolution
		Debug|Any CPU = Debug|Any CPU
		Release|Any CPU = Release|Any CPU
	EndGlobalSection
	GlobalSection(ProjectConfigurationPlatforms) = postSolution
		{224F276C-09B7-45E3-A471-6E9932580411}.Debug|Any CPU.ActiveCfg = Debug|Any CPU
		{224F276C-09B7-45E3-A471-6E9932580411}.Debug|Any CPU.Build.0 = Debug|Any CPU
		{224F276C-09B7-45E3-A471-6E9932580411}.Release|Any CPU.ActiveCfg = Release|Any CPU
		{224F276C-09B7-45E3-A471-6E9932580411}.Release|Any CPU.Build.0 = Release|Any CPU
		{B1696018-1A0D-49C7-B9E5-69563110219D}.Debug|Any CPU.ActiveCfg = Debug|Any CPU
		{B1696018-1A0D-49C7-B9E5-69563110219D}.Debug|Any CPU.Build.0 = Debug|Any CPU
		{B1696018-1A0D-49C7-B9E5-69563110219D}.Release|Any CPU.ActiveCfg = Release|Any CPU
		{B1696018-1A0D-49C7-B9E5-69563110219D}.Release|Any CPU.Build.0 = Release|Any CPU
	EndGlobalSection
	GlobalSection(SolutionProperties) = preSolution
		HideSolutionNode = FALSE
	EndGlobalSection
	GlobalSection(NestedProjects) = preSolution
		{224F276C-09B7-45E3-A471-6E9932580411} = {507AF14C-E966-4B77-B233-DFA8E6199BEC}
		{B1696018-1A0D-49C7-B9E5-69563110219D} = {828B1069-29BF-416B-A69A-EF4B235F3F77}
	EndGlobalSection
	GlobalSection(ExtensibilityGlobals) = postSolution
		SolutionGuid = {6C8F5909-4144-4A5B-B314-6B6AA10D188C}
	EndGlobalSection
EndGlobal
